lockfileVersion: 5.4

specifiers:
  animate.css: ^4.1.1
  bootstrap: ^5.2.3
  jquery: ^3.6.3

dependencies:
  animate.css: 4.1.1
  bootstrap: 5.2.3
  jquery: 3.6.3

packages:

  /animate.css/4.1.1:
    resolution: {integrity: sha512-+mRmCTv6SbCmtYJCN4faJMNFVNN5EuCTTprDTAo7YzIGji2KADmakjVA3+8mVDkZ2Bf09vayB35lSQIex2+QaQ==}
    dev: false

  /bootstrap/5.2.3:
    resolution: {integrity: sha512-cEKPM+fwb3cT8NzQZYEu4HilJ3anCrWqh3CHAok1p9jXqMPsPTBhU25fBckEJHJ/p+tTxTFTsFQGM+gaHpi3QQ==}
    peerDependencies:
      '@popperjs/core': ^2.11.6
    dev: false

  /jquery/3.6.3:
    resolution: {integrity: sha512-bZ5Sy3YzKo9Fyc8wH2iIQK4JImJ6R0GWI9kL1/k7Z91ZBNgkRXE6U0JfHIizZbort8ZunhSI3jw9I6253ahKfg==}
    dev: false
